
Microsoft Visual Studio Solution File, Format Version 12.00
# Visual Studio Version 16
VisualStudioVersion = 16.0.28803.202
MinimumVisualStudioVersion = 10.0.40219.1
Project("{FAE04EC0-301F-11D3-BF4B-00C04F79EFBC}") = "ChessRules", "ChessLibrary\ChessRules.csproj", "{8E9467BD-F2AA-48F7-B4FE-3C08D7F3C3BC}"
EndProject
Project("{FAE04EC0-301F-11D3-BF4B-00C04F79EFBC}") = "DemoChess", "DemoChess\DemoChess.csproj", "{B8BA7BB0-B16A-4C52-8243-DFD80AA64D9F}"
EndProject
Global
	GlobalSection(SolutionConfigurationPlatforms) = preSolution
		Debug|Any CPU = Debug|Any CPU
		Release|Any CPU = Release|Any CPU
	EndGlobalSection
	GlobalSection(ProjectConfigurationPlatforms) = postSolution
		{8E9467BD-F2AA-48F7-B4FE-3C08D7F3C3BC}.Debug|Any CPU.ActiveCfg = Debug|Any CPU
		{8E9467BD-F2AA-48F7-B4FE-3C08D7F3C3BC}.Debug|Any CPU.Build.0 = Debug|Any CPU
		{8E9467BD-F2AA-48F7-B4FE-3C08D7F3C3BC}.Release|Any CPU.ActiveCfg = Release|Any CPU
		{8E9467BD-F2AA-48F7-B4FE-3C08D7F3C3BC}.Release|Any CPU.Build.0 = Release|Any CPU
		{B8BA7BB0-B16A-4C52-8243-DFD80AA64D9F}.Debug|Any CPU.ActiveCfg = Debug|Any CPU
		{B8BA7BB0-B16A-4C52-8243-DFD80AA64D9F}.Debug|Any CPU.Build.0 = Debug|Any CPU
		{B8BA7BB0-B16A-4C52-8243-DFD80AA64D9F}.Release|Any CPU.ActiveCfg = Release|Any CPU
		{B8BA7BB0-B16A-4C52-8243-DFD80AA64D9F}.Release|Any CPU.Build.0 = Release|Any CPU
	EndGlobalSection
	GlobalSection(SolutionProperties) = preSolution
		HideSolutionNode = FALSE
	EndGlobalSection
	GlobalSection(ExtensibilityGlobals) = postSolution
		SolutionGuid = {AB368A07-D527-4C90-BEFC-686277C905D7}
	EndGlobalSection
EndGlobal
